{
  "lib/forge-std": {
    "tag": {
      "name": "v1.14.0",
      "rev": "1801b0541f4fda118a10798fd3486bb7051c5dd6"
    }
  },
  "lib/openzeppelin-contracts": {
    "tag": {
      "name": "v5.6.1",
      "rev": "5fd1781b1454fd1ef8e722282f86f9293cacf256"
    }
  },
  "lib/openzeppelin-contracts-upgradeable": {
    "tag": {
      "name": "v5.6.1",
      "rev": "7bf4727aacdbfaa0f36cbd664654d0c9e1dc52bf"
    }
  },
  "lib/openzeppelin-foundry-upgrades": {
    "tag": {
      "name": "v0.4.2",
      "rev": "8ddceb0c0d94f7f9420fee1ee30fffbdacadf08f"
    }
  },
  "lib/prb-test": {
    "rev": "cd07166bdd12c7c4a899cb53951653b53939a644"
  },
  "lib/protocol-monorepo": {
    "rev": "40d34958f31b55fa0f9271f07794786c56a01a65"
  },
  "lib/solady": {
    "rev": "c251232428b668a073293eb04c6c288b19ad5728"
  },
  "lib/splits-contracts-monorepo": {
    "rev": "71f09d309aabf967994ef623340129f186c340fd"
  },
  "lib/universal-rewards-distributor": {
    "tag": {
      "name": "v1.0.0",
      "rev": "8aaa0099db6cef311a2b02e04b930bfe9b6a6e4e"
    }
  }
}